Microsoft Visual Studio Solution File, Format Version 9.00
# Visual C++ Express 2005
Project("{8BC9CEB8-8B4A-11D0-8D11-00A0C91BC942}") = "JpegLib", "Nextar\loaders\jpeglib\JpegLib.vcproj", "{8B44BA12-6643-44D6-8626-A6CFD5928B9B}"
EndProject
Project("{8BC9CEB8-8B4A-11D0-8D11-00A0C91BC942}") = "Nextar", "Nextar\Nextar.vcproj", "{5BB9F37A-B1C7-499A-8853-7185B3F7526D}"
EndProject
Project("{8BC9CEB8-8B4A-11D0-8D11-00A0C91BC942}") = "zziplib", "Nextar\loaders\zziplib-0.13.47\msvc8\zziplib.vcproj", "{CB440073-2ED3-48CE-A1A1-B6EACB3A44BD}"
EndProject
Project("{8BC9CEB8-8B4A-11D0-8D11-00A0C91BC942}") = "zlib", "Nextar\loaders\zziplib-0.13.47\zlib\projects\visualc6\zlib.vcproj", "{FB7FD49E-8E9C-4411-86C8-623FF63C6CFE}"
EndProject
Project("{8BC9CEB8-8B4A-11D0-8D11-00A0C91BC942}") = "xFontTool", "Tools\xFontTool\xFontTool.vcproj", "{2F8D5F47-5663-4A46-B140-87637EE88906}"
EndProject
Project("{8BC9CEB8-8B4A-11D0-8D11-00A0C91BC942}") = "libpng", "Nextar\loaders\libpng-1.2.15\projects\visualc71\libpng.vcproj", "{4AED2643-324D-4D8B-9786-2E5BB7880524}"
EndProject
Global
	GlobalSection(SolutionConfigurationPlatforms) = preSolution
		Debug|Win32 = Debug|Win32
		DLL ASM Debug|Win32 = DLL ASM Debug|Win32
		DLL ASM Release|Win32 = DLL ASM Release|Win32
		DLL Debug|Win32 = DLL Debug|Win32
		DLL Release|Win32 = DLL Release|Win32
		DLL VB|Win32 = DLL VB|Win32
		LIB ASM Debug|Win32 = LIB ASM Debug|Win32
		LIB ASM Release|Win32 = LIB ASM Release|Win32
		LIB Debug|Win32 = LIB Debug|Win32
		LIB Release|Win32 = LIB Release|Win32
		Release|Win32 = Release|Win32
	EndGlobalSection
	GlobalSection(ProjectConfigurationPlatforms) = postSolution
		{8B44BA12-6643-44D6-8626-A6CFD5928B9B}.Debug|Win32.ActiveCfg = Debug|Win32
		{8B44BA12-6643-44D6-8626-A6CFD5928B9B}.Debug|Win32.Build.0 = Debug|Win32
		{8B44BA12-6643-44D6-8626-A6CFD5928B9B}.DLL ASM Debug|Win32.ActiveCfg = Debug|Win32
		{8B44BA12-6643-44D6-8626-A6CFD5928B9B}.DLL ASM Release|Win32.ActiveCfg = Release|Win32
		{8B44BA12-6643-44D6-8626-A6CFD5928B9B}.DLL Debug|Win32.ActiveCfg = Debug|Win32
		{8B44BA12-6643-44D6-8626-A6CFD5928B9B}.DLL Release|Win32.ActiveCfg = Release|Win32
		{8B44BA12-6643-44D6-8626-A6CFD5928B9B}.DLL VB|Win32.ActiveCfg = Debug|Win32
		{8B44BA12-6643-44D6-8626-A6CFD5928B9B}.LIB ASM Debug|Win32.ActiveCfg = Debug|Win32
		{8B44BA12-6643-44D6-8626-A6CFD5928B9B}.LIB ASM Release|Win32.ActiveCfg = Release|Win32
		{8B44BA12-6643-44D6-8626-A6CFD5928B9B}.LIB Debug|Win32.ActiveCfg = Debug|Win32
		{8B44BA12-6643-44D6-8626-A6CFD5928B9B}.LIB Release|Win32.ActiveCfg = Release|Win32
		{8B44BA12-6643-44D6-8626-A6CFD5928B9B}.Release|Win32.ActiveCfg = Release|Win32
		{8B44BA12-6643-44D6-8626-A6CFD5928B9B}.Release|Win32.Build.0 = Release|Win32
		{5BB9F37A-B1C7-499A-8853-7185B3F7526D}.Debug|Win32.ActiveCfg = Debug|Win32
		{5BB9F37A-B1C7-499A-8853-7185B3F7526D}.Debug|Win32.Build.0 = Debug|Win32
		{5BB9F37A-B1C7-499A-8853-7185B3F7526D}.DLL ASM Debug|Win32.ActiveCfg = Debug|Win32
		{5BB9F37A-B1C7-499A-8853-7185B3F7526D}.DLL ASM Debug|Win32.Build.0 = Debug|Win32
		{5BB9F37A-B1C7-499A-8853-7185B3F7526D}.DLL ASM Release|Win32.ActiveCfg = Release|Win32
		{5BB9F37A-B1C7-499A-8853-7185B3F7526D}.DLL ASM Release|Win32.Build.0 = Release|Win32
		{5BB9F37A-B1C7-499A-8853-7185B3F7526D}.DLL Debug|Win32.ActiveCfg = Debug|Win32
		{5BB9F37A-B1C7-499A-8853-7185B3F7526D}.DLL Debug|Win32.Build.0 = Debug|Win32
		{5BB9F37A-B1C7-499A-8853-7185B3F7526D}.DLL Release|Win32.ActiveCfg = Release|Win32
		{5BB9F37A-B1C7-499A-8853-7185B3F7526D}.DLL Release|Win32.Build.0 = Release|Win32
		{5BB9F37A-B1C7-499A-8853-7185B3F7526D}.DLL VB|Win32.ActiveCfg = Debug|Win32
		{5BB9F37A-B1C7-499A-8853-7185B3F7526D}.DLL VB|Win32.Build.0 = Debug|Win32
		{5BB9F37A-B1C7-499A-8853-7185B3F7526D}.LIB ASM Debug|Win32.ActiveCfg = Debug|Win32
		{5BB9F37A-B1C7-499A-8853-7185B3F7526D}.LIB ASM Debug|Win32.Build.0 = Debug|Win32
		{5BB9F37A-B1C7-499A-8853-7185B3F7526D}.LIB ASM Release|Win32.ActiveCfg = Release|Win32
		{5BB9F37A-B1C7-499A-8853-7185B3F7526D}.LIB ASM Release|Win32.Build.0 = Release|Win32
		{5BB9F37A-B1C7-499A-8853-7185B3F7526D}.LIB Debug|Win32.ActiveCfg = Debug|Win32
		{5BB9F37A-B1C7-499A-8853-7185B3F7526D}.LIB Debug|Win32.Build.0 = Debug|Win32
		{5BB9F37A-B1C7-499A-8853-7185B3F7526D}.LIB Release|Win32.ActiveCfg = Release|Win32
		{5BB9F37A-B1C7-499A-8853-7185B3F7526D}.LIB Release|Win32.Build.0 = Release|Win32
		{5BB9F37A-B1C7-499A-8853-7185B3F7526D}.Release|Win32.ActiveCfg = Release|Win32
		{5BB9F37A-B1C7-499A-8853-7185B3F7526D}.Release|Win32.Build.0 = Release|Win32
		{CB440073-2ED3-48CE-A1A1-B6EACB3A44BD}.Debug|Win32.ActiveCfg = Debug|Win32
		{CB440073-2ED3-48CE-A1A1-B6EACB3A44BD}.Debug|Win32.Build.0 = Debug|Win32
		{CB440073-2ED3-48CE-A1A1-B6EACB3A44BD}.DLL ASM Debug|Win32.ActiveCfg = Debug|Win32
		{CB440073-2ED3-48CE-A1A1-B6EACB3A44BD}.DLL ASM Debug|Win32.Build.0 = Debug|Win32
		{CB440073-2ED3-48CE-A1A1-B6EACB3A44BD}.DLL ASM Release|Win32.ActiveCfg = Release|Win32
		{CB440073-2ED3-48CE-A1A1-B6EACB3A44BD}.DLL ASM Release|Win32.Build.0 = Release|Win32
		{CB440073-2ED3-48CE-A1A1-B6EACB3A44BD}.DLL Debug|Win32.ActiveCfg = Debug|Win32
		{CB440073-2ED3-48CE-A1A1-B6EACB3A44BD}.DLL Debug|Win32.Build.0 = Debug|Win32
		{CB440073-2ED3-48CE-A1A1-B6EACB3A44BD}.DLL Release|Win32.ActiveCfg = Release|Win32
		{CB440073-2ED3-48CE-A1A1-B6EACB3A44BD}.DLL Release|Win32.Build.0 = Release|Win32
		{CB440073-2ED3-48CE-A1A1-B6EACB3A44BD}.DLL VB|Win32.ActiveCfg = Debug|Win32
		{CB440073-2ED3-48CE-A1A1-B6EACB3A44BD}.LIB ASM Debug|Win32.ActiveCfg = Debug|Win32
		{CB440073-2ED3-48CE-A1A1-B6EACB3A44BD}.LIB ASM Debug|Win32.Build.0 = Debug|Win32
		{CB440073-2ED3-48CE-A1A1-B6EACB3A44BD}.LIB ASM Release|Win32.ActiveCfg = Release|Win32
		{CB440073-2ED3-48CE-A1A1-B6EACB3A44BD}.LIB ASM Release|Win32.Build.0 = Release|Win32
		{CB440073-2ED3-48CE-A1A1-B6EACB3A44BD}.LIB Debug|Win32.ActiveCfg = Debug|Win32
		{CB440073-2ED3-48CE-A1A1-B6EACB3A44BD}.LIB Debug|Win32.Build.0 = Debug|Win32
		{CB440073-2ED3-48CE-A1A1-B6EACB3A44BD}.LIB Release|Win32.ActiveCfg = Release|Win32
		{CB440073-2ED3-48CE-A1A1-B6EACB3A44BD}.LIB Release|Win32.Build.0 = Release|Win32
		{CB440073-2ED3-48CE-A1A1-B6EACB3A44BD}.Release|Win32.ActiveCfg = Release|Win32
		{CB440073-2ED3-48CE-A1A1-B6EACB3A44BD}.Release|Win32.Build.0 = Release|Win32
		{FB7FD49E-8E9C-4411-86C8-623FF63C6CFE}.Debug|Win32.ActiveCfg = DLL Debug|Win32
		{FB7FD49E-8E9C-4411-86C8-623FF63C6CFE}.Debug|Win32.Build.0 = DLL Debug|Win32
		{FB7FD49E-8E9C-4411-86C8-623FF63C6CFE}.DLL ASM Debug|Win32.ActiveCfg = DLL ASM Debug|Win32
		{FB7FD49E-8E9C-4411-86C8-623FF63C6CFE}.DLL ASM Debug|Win32.Build.0 = DLL ASM Debug|Win32
		{FB7FD49E-8E9C-4411-86C8-623FF63C6CFE}.DLL ASM Release|Win32.ActiveCfg = DLL ASM Release|Win32
		{FB7FD49E-8E9C-4411-86C8-623FF63C6CFE}.DLL ASM Release|Win32.Build.0 = DLL ASM Release|Win32
		{FB7FD49E-8E9C-4411-86C8-623FF63C6CFE}.DLL Debug|Win32.ActiveCfg = DLL Debug|Win32
		{FB7FD49E-8E9C-4411-86C8-623FF63C6CFE}.DLL Debug|Win32.Build.0 = DLL Debug|Win32
		{FB7FD49E-8E9C-4411-86C8-623FF63C6CFE}.DLL Release|Win32.ActiveCfg = DLL Release|Win32
		{FB7FD49E-8E9C-4411-86C8-623FF63C6CFE}.DLL Release|Win32.Build.0 = DLL Release|Win32
		{FB7FD49E-8E9C-4411-86C8-623FF63C6CFE}.DLL VB|Win32.ActiveCfg = DLL Release|Win32
		{FB7FD49E-8E9C-4411-86C8-623FF63C6CFE}.LIB ASM Debug|Win32.ActiveCfg = LIB ASM Debug|Win32
		{FB7FD49E-8E9C-4411-86C8-623FF63C6CFE}.LIB ASM Debug|Win32.Build.0 = LIB ASM Debug|Win32
		{FB7FD49E-8E9C-4411-86C8-623FF63C6CFE}.LIB ASM Release|Win32.ActiveCfg = LIB ASM Release|Win32
		{FB7FD49E-8E9C-4411-86C8-623FF63C6CFE}.LIB ASM Release|Win32.Build.0 = LIB ASM Release|Win32
		{FB7FD49E-8E9C-4411-86C8-623FF63C6CFE}.LIB Debug|Win32.ActiveCfg = LIB Debug|Win32
		{FB7FD49E-8E9C-4411-86C8-623FF63C6CFE}.LIB Debug|Win32.Build.0 = LIB Debug|Win32
		{FB7FD49E-8E9C-4411-86C8-623FF63C6CFE}.LIB Release|Win32.ActiveCfg = LIB Release|Win32
		{FB7FD49E-8E9C-4411-86C8-623FF63C6CFE}.LIB Release|Win32.Build.0 = LIB Release|Win32
		{FB7FD49E-8E9C-4411-86C8-623FF63C6CFE}.Release|Win32.ActiveCfg = LIB ASM Release|Win32
		{FB7FD49E-8E9C-4411-86C8-623FF63C6CFE}.Release|Win32.Build.0 = LIB ASM Release|Win32
		{2F8D5F47-5663-4A46-B140-87637EE88906}.Debug|Win32.ActiveCfg = Debug|Win32
		{2F8D5F47-5663-4A46-B140-87637EE88906}.Debug|Win32.Build.0 = Debug|Win32
		{2F8D5F47-5663-4A46-B140-87637EE88906}.DLL ASM Debug|Win32.ActiveCfg = Debug|Win32
		{2F8D5F47-5663-4A46-B140-87637EE88906}.DLL ASM Debug|Win32.Build.0 = Debug|Win32
		{2F8D5F47-5663-4A46-B140-87637EE88906}.DLL ASM Release|Win32.ActiveCfg = Release|Win32
		{2F8D5F47-5663-4A46-B140-87637EE88906}.DLL ASM Release|Win32.Build.0 = Release|Win32
		{2F8D5F47-5663-4A46-B140-87637EE88906}.DLL Debug|Win32.ActiveCfg = Debug|Win32
		{2F8D5F47-5663-4A46-B140-87637EE88906}.DLL Debug|Win32.Build.0 = Debug|Win32
		{2F8D5F47-5663-4A46-B140-87637EE88906}.DLL Release|Win32.ActiveCfg = Release|Win32
		{2F8D5F47-5663-4A46-B140-87637EE88906}.DLL Release|Win32.Build.0 = Release|Win32
		{2F8D5F47-5663-4A46-B140-87637EE88906}.DLL VB|Win32.ActiveCfg = Debug|Win32
		{2F8D5F47-5663-4A46-B140-87637EE88906}.LIB ASM Debug|Win32.ActiveCfg = Debug|Win32
		{2F8D5F47-5663-4A46-B140-87637EE88906}.LIB ASM Debug|Win32.Build.0 = Debug|Win32
		{2F8D5F47-5663-4A46-B140-87637EE88906}.LIB ASM Release|Win32.ActiveCfg = Release|Win32
		{2F8D5F47-5663-4A46-B140-87637EE88906}.LIB ASM Release|Win32.Build.0 = Release|Win32
		{2F8D5F47-5663-4A46-B140-87637EE88906}.LIB Debug|Win32.ActiveCfg = Debug|Win32
		{2F8D5F47-5663-4A46-B140-87637EE88906}.LIB Debug|Win32.Build.0 = Debug|Win32
		{2F8D5F47-5663-4A46-B140-87637EE88906}.LIB Release|Win32.ActiveCfg = Release|Win32
		{2F8D5F47-5663-4A46-B140-87637EE88906}.LIB Release|Win32.Build.0 = Release|Win32
		{2F8D5F47-5663-4A46-B140-87637EE88906}.Release|Win32.ActiveCfg = Release|Win32
		{2F8D5F47-5663-4A46-B140-87637EE88906}.Release|Win32.Build.0 = Release|Win32
		{4AED2643-324D-4D8B-9786-2E5BB7880524}.Debug|Win32.ActiveCfg = LIB ASM Debug|Win32
		{4AED2643-324D-4D8B-9786-2E5BB7880524}.Debug|Win32.Build.0 = LIB ASM Debug|Win32
		{4AED2643-324D-4D8B-9786-2E5BB7880524}.DLL ASM Debug|Win32.ActiveCfg = DLL ASM Debug|Win32
		{4AED2643-324D-4D8B-9786-2E5BB7880524}.DLL ASM Debug|Win32.Build.0 = DLL ASM Debug|Win32
		{4AED2643-324D-4D8B-9786-2E5BB7880524}.DLL ASM Release|Win32.ActiveCfg = DLL ASM Release|Win32
		{4AED2643-324D-4D8B-9786-2E5BB7880524}.DLL ASM Release|Win32.Build.0 = DLL ASM Release|Win32
		{4AED2643-324D-4D8B-9786-2E5BB7880524}.DLL Debug|Win32.ActiveCfg = DLL Debug|Win32
		{4AED2643-324D-4D8B-9786-2E5BB7880524}.DLL Debug|Win32.Build.0 = DLL Debug|Win32
		{4AED2643-324D-4D8B-9786-2E5BB7880524}.DLL Release|Win32.ActiveCfg = DLL Release|Win32
		{4AED2643-324D-4D8B-9786-2E5BB7880524}.DLL Release|Win32.Build.0 = DLL Release|Win32
		{4AED2643-324D-4D8B-9786-2E5BB7880524}.DLL VB|Win32.ActiveCfg = DLL VB|Win32
		{4AED2643-324D-4D8B-9786-2E5BB7880524}.DLL VB|Win32.Build.0 = DLL VB|Win32
		{4AED2643-324D-4D8B-9786-2E5BB7880524}.LIB ASM Debug|Win32.ActiveCfg = LIB ASM Debug|Win32
		{4AED2643-324D-4D8B-9786-2E5BB7880524}.LIB ASM Debug|Win32.Build.0 = LIB ASM Debug|Win32
		{4AED2643-324D-4D8B-9786-2E5BB7880524}.LIB ASM Release|Win32.ActiveCfg = LIB ASM Release|Win32
		{4AED2643-324D-4D8B-9786-2E5BB7880524}.LIB ASM Release|Win32.Build.0 = LIB ASM Release|Win32
		{4AED2643-324D-4D8B-9786-2E5BB7880524}.LIB Debug|Win32.ActiveCfg = LIB Debug|Win32
		{4AED2643-324D-4D8B-9786-2E5BB7880524}.LIB Debug|Win32.Build.0 = LIB Debug|Win32
		{4AED2643-324D-4D8B-9786-2E5BB7880524}.LIB Release|Win32.ActiveCfg = LIB Release|Win32
		{4AED2643-324D-4D8B-9786-2E5BB7880524}.LIB Release|Win32.Build.0 = LIB Release|Win32
		{4AED2643-324D-4D8B-9786-2E5BB7880524}.Release|Win32.ActiveCfg = LIB ASM Release|Win32
		{4AED2643-324D-4D8B-9786-2E5BB7880524}.Release|Win32.Build.0 = LIB ASM Release|Win32
	EndGlobalSection
	GlobalSection(SolutionProperties) = preSolution
		HideSolutionNode = FALSE
	EndGlobalSection
EndGlobal
